
Microsoft Visual Studio Solution File, Format Version 12.00
# Visual Studio Version 16
VisualStudioVersion = 16.0.31321.278
MinimumVisualStudioVersion = 10.0.40219.1
Project("{FAE04EC0-301F-11D3-BF4B-00C04F79EFBC}") = "ApiTesting", "ApiTesting\ApiTesting.csproj", "{083FC607-96A9-4E8D-8A4C-3E90DA481F76}"
EndProject
Global
	GlobalSection(SolutionConfigurationPlatforms) = preSolution
		Debug|Any CPU = Debug|Any CPU
		Release|Any CPU = Release|Any CPU
	EndGlobalSection
	GlobalSection(ProjectConfigurationPlatforms) = postSolution
		{083FC607-96A9-4E8D-8A4C-3E90DA481F76}.Debug|Any CPU.ActiveCfg = Debug|Any CPU
		{083FC607-96A9-4E8D-8A4C-3E90DA481F76}.Debug|Any CPU.Build.0 = Debug|Any CPU
		{083FC607-96A9-4E8D-8A4C-3E90DA481F76}.Release|Any CPU.ActiveCfg = Release|Any CPU
		{083FC607-96A9-4E8D-8A4C-3E90DA481F76}.Release|Any CPU.Build.0 = Release|Any CPU
	EndGlobalSection
	GlobalSection(SolutionProperties) = preSolution
		HideSolutionNode = FALSE
	EndGlobalSection
	GlobalSection(ExtensibilityGlobals) = postSolution
		SolutionGuid = {7B448785-D01F-43AC-B755-610F80DF6371}
	EndGlobalSection
EndGlobal
